// !$*UTF8*$!
{
	archiveVersion = 1;
	classes = {
	};
	objectVersion = 56;
	objects = {

/* Begin PBXBuildFile section */
		322E2EF6C6D99C23A53F82E6 /* Pods_ShakeTest.framework in Frameworks */ = {isa = PBXBuildFile; fileRef = 47A89FA236DDC80F80A3EDDC /* Pods_ShakeTest.framework */; };
		3623A6632CAAB33100B51445 /* confetti.json in Resources */ = {isa = PBXBuildFile; fileRef = 3623A6622CAAB33100B51445 /* confetti.json */; };
		36924D112CAAADA000845945 /* AppDelegate.swift in Sources */ = {isa = PBXBuildFile; fileRef = 36924D072CAAADA000845945 /* AppDelegate.swift */; };
		36924D122CAAADA000845945 /* SceneDelegate.swift in Sources */ = {isa = PBXBuildFile; fileRef = 36924D0E2CAAADA000845945 /* SceneDelegate.swift */; };
		36924D132CAAADA000845945 /* ViewController.swift in Sources */ = {isa = PBXBuildFile; fileRef = 36924D0F2CAAADA000845945 /* ViewController.swift */; };
		36924D142CAAADA000845945 /* Assets.xcassets in Resources */ = {isa = PBXBuildFile; fileRef = 36924D082CAAADA000845945 /* Assets.xcassets */; };
		36924D162CAAADA000845945 /* LaunchScreen.storyboard in Resources */ = {isa = PBXBuildFile; fileRef = 36924D0B2CAAADA000845945 /* LaunchScreen.storyboard */; };
		36924D172CAAADA000845945 /* Main.storyboard in Resources */ = {isa = PBXBuildFile; fileRef = 36924D0D2CAAADA000845945 /* Main.storyboard */; };
/* End PBXBuildFile section */

/* Begin PBXFileReference section */
		3623A6622CAAB33100B51445 /* confetti.json */ = {isa = PBXFileReference; lastKnownFileType = text.json; path = confetti.json; sourceTree = "<group>"; };
		36924CEF2CAAAD8C00845945 /* ShakeTest.app */ = {isa = PBXFileReference; explicitFileType = wrapper.application; includeInIndex = 0; path = ShakeTest.app; sourceTree = BUILT_PRODUCTS_DIR; };
		36924D072CAAADA000845945 /* AppDelegate.swift */ = {isa = PBXFileReference; lastKnownFileType = sourcecode.swift; path = AppDelegate.swift; sourceTree = "<group>"; };
		36924D082CAAADA000845945 /* Assets.xcassets */ = {isa = PBXFileReference; lastKnownFileType = folder.assetcatalog; path = Assets.xcassets; sourceTree = "<group>"; };
		36924D092CAAADA000845945 /* Info.plist */ = {isa = PBXFileReference; lastKnownFileType = text.plist.xml; path = Info.plist; sourceTree = "<group>"; };
		36924D0A2CAAADA000845945 /* Base */ = {isa = PBXFileReference; lastKnownFileType = file.storyboard; name = Base; path = Base.lproj/LaunchScreen.storyboard; sourceTree = "<group>"; };
		36924D0C2CAAADA000845945 /* Base */ = {isa = PBXFileReference; lastKnownFileType = file.storyboard; name = Base; path = Base.lproj/Main.storyboard; sourceTree = "<group>"; };
		36924D0E2CAAADA000845945 /* SceneDelegate.swift */ = {isa = PBXFileReference; lastKnownFileType = sourcecode.swift; path = SceneDelegate.swift; sourceTree = "<group>"; };
		36924D0F2CAAADA000845945 /* ViewController.swift */ = {isa = PBXFileReference; lastKnownFileType = sourcecode.swift; path = ViewController.swift; sourceTree = "<group>"; };
		465710D6131A69A34F3CAA5E /* Pods-ShakeTest.release.xcconfig */ = {isa = PBXFileReference; includeInIndex = 1; lastKnownFileType = text.xcconfig; name = "Pods-ShakeTest.release.xcconfig"; path = "Target Support Files/Pods-ShakeTest/Pods-ShakeTest.release.xcconfig"; sourceTree = "<group>"; };
		47A89FA236DDC80F80A3EDDC /* Pods_ShakeTest.framework */ = {isa = PBXFileReference; explicitFileType = wrapper.framework; includeInIndex = 0; path = Pods_ShakeTest.framework; sourceTree = BUILT_PRODUCTS_DIR; };
		7719511118ED2D27DB2C938E /* Pods-ShakeTest.debug.xcconfig */ = {isa = PBXFileReference; includeInIndex = 1; lastKnownFileType = text.xcconfig; name = "Pods-ShakeTest.debug.xcconfig"; path = "Target Support Files/Pods-ShakeTest/Pods-ShakeTest.debug.xcconfig"; sourceTree = "<group>"; };
/* End PBXFileReference section */

/* Begin PBXFrameworksBuildPhase section */
		36924CEC2CAAAD8C00845945 /* Frameworks */ = {
			isa = PBXFrameworksBuildPhase;
			buildActionMask = 2147483647;
			files = (
				322E2EF6C6D99C23A53F82E6 /* Pods_ShakeTest.framework in Frameworks */,
			);
			runOnlyForDeploymentPostprocessing = 0;
		};
/* End PBXFrameworksBuildPhase section */

/* Begin PBXGroup section */
		0B29A3715375350F3C730909 /* Pods */ = {
			isa = PBXGroup;
			children = (
				7719511118ED2D27DB2C938E /* Pods-ShakeTest.debug.xcconfig */,
				465710D6131A69A34F3CAA5E /* Pods-ShakeTest.release.xcconfig */,
			);
			path = Pods;
			sourceTree = "<group>";
		};
		36924CE62CAAAD8C00845945 = {
			isa = PBXGroup;
			children = (
				36924D102CAAADA000845945 /* ShakeTest */,
				36924CF02CAAAD8C00845945 /* Products */,
				0B29A3715375350F3C730909 /* Pods */,
				B3BAA772BCB45AF2BD42E93C /* Frameworks */,
			);
			sourceTree = "<group>";
		};
		36924CF02CAAAD8C00845945 /* Products */ = {
			isa = PBXGroup;
			children = (
				36924CEF2CAAAD8C00845945 /* ShakeTest.app */,
			);
			name = Products;
			sourceTree = "<group>";
		};
		36924D102CAAADA000845945 /* ShakeTest */ = {
			isa = PBXGroup;
			children = (
				36924D0E2CAAADA000845945 /* SceneDelegate.swift */,
				36924D072CAAADA000845945 /* AppDelegate.swift */,
				36924D082CAAADA000845945 /* Assets.xcassets */,
				36924D092CAAADA000845945 /* Info.plist */,
				36924D0F2CAAADA000845945 /* ViewController.swift */,
				36924D0D2CAAADA000845945 /* Main.storyboard */,
				36924D0B2CAAADA000845945 /* LaunchScreen.storyboard */,
				3623A6622CAAB33100B51445 /* confetti.json */,
			);
			path = ShakeTest;
			sourceTree = "<group>";
		};
		B3BAA772BCB45AF2BD42E93C /* Frameworks */ = {
			isa = PBXGroup;
			children = (
				47A89FA236DDC80F80A3EDDC /* Pods_ShakeTest.framework */,
			);
			name = Frameworks;
			sourceTree = "<group>";
		};
/* End PBXGroup section */

/* Begin PBXNativeTarget section */
		36924CEE2CAAAD8C00845945 /* ShakeTest */ = {
			isa = PBXNativeTarget;
			buildConfigurationList = 36924D022CAAAD8E00845945 /* Build configuration list for PBXNativeTarget "ShakeTest" */;
			buildPhases = (
				425EBCD4D67F7D7AF326F0EF /* [CP] Check Pods Manifest.lock */,
				36924CEB2CAAAD8C00845945 /* Sources */,
				36924CEC2CAAAD8C00845945 /* Frameworks */,
				36924CED2CAAAD8C00845945 /* Resources */,
				90E7209BFFB18D46FA5D0FE5 /* [CP] Embed Pods Frameworks */,
			);
			buildRules = (
			);
			dependencies = (
			);
			name = ShakeTest;
			productName = ShakeTest;
			productReference = 36924CEF2CAAAD8C00845945 /* ShakeTest.app */;
			productType = "com.apple.product-type.application";
		};
/* End PBXNativeTarget section */

/* Begin PBXProject section */
		36924CE72CAAAD8C00845945 /* Project object */ = {
			isa = PBXProject;
			attributes = {
				BuildIndependentTargetsInParallel = 1;
				LastSwiftUpdateCheck = 1600;
				LastUpgradeCheck = 1600;
				TargetAttributes = {
					36924CEE2CAAAD8C00845945 = {
						CreatedOnToolsVersion = 16.0;
					};
				};
			};
			buildConfigurationList = 36924CEA2CAAAD8C00845945 /* Build configuration list for PBXProject "ShakeTest" */;
			compatibilityVersion = "Xcode 14.0";
			developmentRegion = en;
			hasScannedForEncodings = 0;
			knownRegions = (
				en,
				Base,
			);
			mainGroup = 36924CE62CAAAD8C00845945;
			productRefGroup = 36924CF02CAAAD8C00845945 /* Products */;
			projectDirPath = "";
			projectRoot = "";
			targets = (
				36924CEE2CAAAD8C00845945 /* ShakeTest */,
			);
		};
/* End PBXProject section */

/* Begin PBXResourcesBuildPhase section */
		36924CED2CAAAD8C00845945 /* Resources */ = {
			isa = PBXResourcesBuildPhase;
			buildActionMask = 2147483647;
			files = (
				36924D142CAAADA000845945 /* Assets.xcassets in Resources */,
				36924D162CAAADA000845945 /* LaunchScreen.storyboard in Resources */,
				36924D172CAAADA000845945 /* Main.storyboard in Resources */,
				3623A6632CAAB33100B51445 /* confetti.json in Resources */,
			);
			runOnlyForDeploymentPostprocessing = 0;
		};
/* End PBXResourcesBuildPhase section */

/* Begin PBXShellScriptBuildPhase section */
		425EBCD4D67F7D7AF326F0EF /* [CP] Check Pods Manifest.lock */ = {
			isa = PBXShellScriptBuildPhase;
			buildActionMask = 2147483647;
			files = (
			);
			inputFileListPaths = (
			);
			inputPaths = (
				"${PODS_PODFILE_DIR_PATH}/Podfile.lock",
				"${PODS_ROOT}/Manifest.lock",
			);
			name = "[CP] Check Pods Manifest.lock";
			outputFileListPaths = (
			);
			outputPaths = (
				"$(DERIVED_FILE_DIR)/Pods-ShakeTest-checkManifestLockResult.txt",
			);
			runOnlyForDeploymentPostprocessing = 0;
			shellPath = /bin/sh;
			shellScript = "diff \"${PODS_PODFILE_DIR_PATH}/Podfile.lock\" \"${PODS_ROOT}/Manifest.lock\" > /dev/null\nif [ $? != 0 ] ; then\n    # print error to STDERR\n    echo \"error: The sandbox is not in sync with the Podfile.lock. Run 'pod install' or update your CocoaPods installation.\" >&2\n    exit 1\nfi\n# This output is used by Xcode 'outputs' to avoid re-running this script phase.\necho \"SUCCESS\" > \"${SCRIPT_OUTPUT_FILE_0}\"\n";
			showEnvVarsInLog = 0;
		};
		90E7209BFFB18D46FA5D0FE5 /* [CP] Embed Pods Frameworks */ = {
			isa = PBXShellScriptBuildPhase;
			buildActionMask = 2147483647;
			files = (
			);
			inputFileListPaths = (
				"${PODS_ROOT}/Target Support Files/Pods-ShakeTest/Pods-ShakeTest-frameworks-${CONFIGURATION}-input-files.xcfilelist",
			);
			name = "[CP] Embed Pods Frameworks";
			outputFileListPaths = (
				"${PODS_ROOT}/Target Support Files/Pods-ShakeTest/Pods-ShakeTest-frameworks-${CONFIGURATION}-output-files.xcfilelist",
			);
			runOnlyForDeploymentPostprocessing = 0;
			shellPath = /bin/sh;
			shellScript = "\"${PODS_ROOT}/Target Support Files/Pods-ShakeTest/Pods-ShakeTest-frameworks.sh\"\n";
			showEnvVarsInLog = 0;
		};
/* End PBXShellScriptBuildPhase section */

/* Begin PBXSourcesBuildPhase section */
		36924CEB2CAAAD8C00845945 /* Sources */ = {
			isa = PBXSourcesBuildPhase;
			buildActionMask = 2147483647;
			files = (
				36924D112CAAADA000845945 /* AppDelegate.swift in Sources */,
				36924D122CAAADA000845945 /* SceneDelegate.swift in Sources */,
				36924D132CAAADA000845945 /* ViewController.swift in Sources */,
			);
			runOnlyForDeploymentPostprocessing = 0;
		};
/* End PBXSourcesBuildPhase section */

/* Begin PBXVariantGroup section */
		36924D0B2CAAADA000845945 /* LaunchScreen.storyboard */ = {
			isa = PBXVariantGroup;
			children = (
				36924D0A2CAAADA000845945 /* Base */,
			);
			name = LaunchScreen.storyboard;
			sourceTree = "<group>";
		};
		36924D0D2CAAADA000845945 /* Main.storyboard */ = {
			isa = PBXVariantGroup;
			children = (
				36924D0C2CAAADA000845945 /* Base */,
			);
			name = Main.storyboard;
			sourceTree = "<group>";
		};
/* End PBXVariantGroup section */

/* Begin XCBuildConfiguration section */
		36924D032CAAAD8E00845945 /* Debug */ = {
			isa = XCBuildConfiguration;
			baseConfigurationReference = 7719511118ED2D27DB2C938E /* Pods-ShakeTest.debug.xcconfig */;
			buildSettings = {
				ASSETCATALOG_COMPILER_APPICON_NAME = AppIcon;
				ASSETCATALOG_COMPILER_GLOBAL_ACCENT_COLOR_NAME = AccentColor;
				CODE_SIGN_STYLE = Automatic;
				CURRENT_PROJECT_VERSION = 1;
				DEVELOPMENT_TEAM = 57BB6YGTBS;
				ENABLE_USER_SCRIPT_SANDBOXING = NO;
				GENERATE_INFOPLIST_FILE = YES;
				INFOPLIST_FILE = ShakeTest/Info.plist;
				INFOPLIST_KEY_UIApplicationSupportsIndirectInputEvents = YES;
				INFOPLIST_KEY_UILaunchStoryboardName = LaunchScreen;
				INFOPLIST_KEY_UIMainStoryboardFile = Main;
				INFOPLIST_KEY_UISupportedInterfaceOrientations_iPad = "UIInterfaceOrientationPortrait UIInterfaceOrientationPortraitUpsideDown UIInterfaceOrientationLandscapeLeft UIInterfaceOrientationLandscapeRight";
				INFOPLIST_KEY_UISupportedInterfaceOrientations_iPhone = "UIInterfaceOrientationPortrait UIInterfaceOrientationLandscapeLeft UIInterfaceOrientationLandscapeRight";
				IPHONEOS_DEPLOYMENT_TARGET = 15.6;
				LD_RUNPATH_SEARCH_PATHS = (
					"$(inherited)",
					"@executable_path/Frameworks",
				);
				MARKETING_VERSION = 1.0;
				PRODUCT_BUNDLE_IDENTIFIER = "mag-isb.ShakeTest";
				PRODUCT_NAME = "$(TARGET_NAME)";
				SWIFT_EMIT_LOC_STRINGS = YES;
				SWIFT_VERSION = 5.0;
				TARGETED_DEVICE_FAMILY = "1,2";
			};
			name = Debug;
		};
		36924D042CAAAD8E00845945 /* Release */ = {
			isa = XCBuildConfiguration;
			baseConfigurationReference = 465710D6131A69A34F3CAA5E /* Pods-ShakeTest.release.xcconfig */;
			buildSettings = {
				ASSETCATALOG_COMPILER_APPICON_NAME = AppIcon;
				ASSETCATALOG_COMPILER_GLOBAL_ACCENT_COLOR_NAME = AccentColor;
				CODE_SIGN_STYLE = Automatic;
				CURRENT_PROJECT_VERSION = 1;
				DEVELOPMENT_TEAM = 57BB6YGTBS;
				ENABLE_USER_SCRIPT_SANDBOXING = NO;
				GENERATE_INFOPLIST_FILE = YES;
				INFOPLIST_FILE = ShakeTest/Info.plist;
				INFOPLIST_KEY_UIApplicationSupportsIndirectInputEvents = YES;
				INFOPLIST_KEY_UILaunchStoryboardName = LaunchScreen;
				INFOPLIST_KEY_UIMainStoryboardFile = Main;
				INFOPLIST_KEY_UISupportedInterfaceOrientations_iPad = "UIInterfaceOrientationPortrait UIInterfaceOrientationPortraitUpsideDown UIInterfaceOrientationLandscapeLeft UIInterfaceOrientationLandscapeRight";
				INFOPLIST_KEY_UISupportedInterfaceOrientations_iPhone = "UIInterfaceOrientationPortrait UIInterfaceOrientationLandscapeLeft UIInterfaceOrientationLandscapeRight";
				IPHONEOS_DEPLOYMENT_TARGET = 15.6;
				LD_RUNPATH_SEARCH_PATHS = (
					"$(inherited)",
					"@executable_path/Frameworks",
				);
				MARKETING_VERSION = 1.0;
				PRODUCT_BUNDLE_IDENTIFIER = "mag-isb.ShakeTest";
				PRODUCT_NAME = "$(TARGET_NAME)";
				SWIFT_EMIT_LOC_STRINGS = YES;
				SWIFT_VERSION = 5.0;
				TARGETED_DEVICE_FAMILY = "1,2";
			};
			name = Release;
		};
		36924D052CAAAD8E00845945 /* Debug */ = {
			isa = XCBuildConfiguration;
			buildSettings = {
				ALWAYS_SEARCH_USER_PATHS = NO;
				ASSETCATALOG_COMPILER_GENERATE_SWIFT_ASSET_SYMBOL_EXTENSIONS = YES;
				CLANG_ANALYZER_NONNULL = YES;
				CLANG_ANALYZER_NUMBER_OBJECT_CONVERSION = YES_AGGRESSIVE;
				CLANG_CXX_LANGUAGE_STANDARD = "gnu++20";
				CLANG_ENABLE_MODULES = YES;
				CLANG_ENABLE_OBJC_ARC = YES;
				CLANG_ENABLE_OBJC_WEAK = YES;
				CLANG_WARN_BLOCK_CAPTURE_AUTORELEASING = YES;
				CLANG_WARN_BOOL_CONVERSION = YES;
				CLANG_WARN_COMMA = YES;
				CLANG_WARN_CONSTANT_CONVERSION = YES;
				CLANG_WARN_DEPRECATED_OBJC_IMPLEMENTATIONS = YES;
				CLANG_WARN_DIRECT_OBJC_ISA_USAGE = YES_ERROR;
				CLANG_WARN_DOCUMENTATION_COMMENTS = YES;
				CLANG_WARN_EMPTY_BODY = YES;
				CLANG_WARN_ENUM_CONVERSION = YES;
				CLANG_WARN_INFINITE_RECURSION = YES;
				CLANG_WARN_INT_CONVERSION = YES;
				CLANG_WARN_NON_LITERAL_NULL_CONVERSION = YES;
				CLANG_WARN_OBJC_IMPLICIT_RETAIN_SELF = YES;
				CLANG_WARN_OBJC_LITERAL_CONVERSION = YES;
				CLANG_WARN_OBJC_ROOT_CLASS = YES_ERROR;
				CLANG_WARN_QUOTED_INCLUDE_IN_FRAMEWORK_HEADER = YES;
				CLANG_WARN_RANGE_LOOP_ANALYSIS = YES;
				CLANG_WARN_STRICT_PROTOTYPES = YES;
				CLANG_WARN_SUSPICIOUS_MOVE = YES;
				CLANG_WARN_UNGUARDED_AVAILABILITY = YES_AGGRESSIVE;
				CLANG_WARN_UNREACHABLE_CODE = YES;
				CLANG_WARN__DUPLICATE_METHOD_MATCH = YES;
				COPY_PHASE_STRIP = NO;
				DEBUG_INFORMATION_FORMAT = dwarf;
				ENABLE_STRICT_OBJC_MSGSEND = YES;
				ENABLE_TESTABILITY = YES;
				ENABLE_USER_SCRIPT_SANDBOXING = YES;
				GCC_C_LANGUAGE_STANDARD = gnu17;
				GCC_DYNAMIC_NO_PIC = NO;
				GCC_NO_COMMON_BLOCKS = YES;
				GCC_OPTIMIZATION_LEVEL = 0;
				GCC_PREPROCESSOR_DEFINITIONS = (
					"DEBUG=1",
					"$(inherited)",
				);
				GCC_WARN_64_TO_32_BIT_CONVERSION = YES;
				GCC_WARN_ABOUT_RETURN_TYPE = YES_ERROR;
				GCC_WARN_UNDECLARED_SELECTOR = YES;
				GCC_WARN_UNINITIALIZED_AUTOS = YES_AGGRESSIVE;
				GCC_WARN_UNUSED_FUNCTION = YES;
				GCC_WARN_UNUSED_VARIABLE = YES;
				IPHONEOS_DEPLOYMENT_TARGET = 18.0;
				LOCALIZATION_PREFERS_STRING_CATALOGS = YES;
				MTL_ENABLE_DEBUG_INFO = INCLUDE_SOURCE;
				MTL_FAST_MATH = YES;
				ONLY_ACTIVE_ARCH = YES;
				SDKROOT = iphoneos;
				SWIFT_ACTIVE_COMPILATION_CONDITIONS = "DEBUG $(inherited)";
				SWIFT_OPTIMIZATION_LEVEL = "-Onone";
			};
			name = Debug;
		};
		36924D062CAAAD8E00845945 /* Release */ = {
			isa = XCBuildConfiguration;
			buildSettings = {
				ALWAYS_SEARCH_USER_PATHS = NO;
				ASSETCATALOG_COMPILER_GENERATE_SWIFT_ASSET_SYMBOL_EXTENSIONS = YES;
				CLANG_ANALYZER_NONNULL = YES;
				CLANG_ANALYZER_NUMBER_OBJECT_CONVERSION = YES_AGGRESSIVE;
				CLANG_CXX_LANGUAGE_STANDARD = "gnu++20";
				CLANG_ENABLE_MODULES = YES;
				CLANG_ENABLE_OBJC_ARC = YES;
				CLANG_ENABLE_OBJC_WEAK = YES;
				CLANG_WARN_BLOCK_CAPTURE_AUTORELEASING = YES;
				CLANG_WARN_BOOL_CONVERSION = YES;
				CLANG_WARN_COMMA = YES;
				CLANG_WARN_CONSTANT_CONVERSION = YES;
				CLANG_WARN_DEPRECATED_OBJC_IMPLEMENTATIONS = YES;
				CLANG_WARN_DIRECT_OBJC_ISA_USAGE = YES_ERROR;
				CLANG_WARN_DOCUMENTATION_COMMENTS = YES;
				CLANG_WARN_EMPTY_BODY = YES;
				CLANG_WARN_ENUM_CONVERSION = YES;
				CLANG_WARN_INFINITE_RECURSION = YES;
				CLANG_WARN_INT_CONVERSION = YES;
				CLANG_WARN_NON_LITERAL_NULL_CONVERSION = YES;
				CLANG_WARN_OBJC_IMPLICIT_RETAIN_SELF = YES;
				CLANG_WARN_OBJC_LITERAL_CONVERSION = YES;
				CLANG_WARN_OBJC_ROOT_CLASS = YES_ERROR;
				CLANG_WARN_QUOTED_INCLUDE_IN_FRAMEWORK_HEADER = YES;
				CLANG_WARN_RANGE_LOOP_ANALYSIS = YES;
				CLANG_WARN_STRICT_PROTOTYPES = YES;
				CLANG_WARN_SUSPICIOUS_MOVE = YES;
				CLANG_WARN_UNGUARDED_AVAILABILITY = YES_AGGRESSIVE;
				CLANG_WARN_UNREACHABLE_CODE = YES;
				CLANG_WARN__DUPLICATE_METHOD_MATCH = YES;
				COPY_PHASE_STRIP = NO;
				DEBUG_INFORMATION_FORMAT = "dwarf-with-dsym";
				ENABLE_NS_ASSERTIONS = NO;
				ENABLE_STRICT_OBJC_MSGSEND = YES;
				ENABLE_USER_SCRIPT_SANDBOXING = YES;
				GCC_C_LANGUAGE_STANDARD = gnu17;
				GCC_NO_COMMON_BLOCKS = YES;
				GCC_WARN_64_TO_32_BIT_CONVERSION = YES;
				GCC_WARN_ABOUT_RETURN_TYPE = YES_ERROR;
				GCC_WARN_UNDECLARED_SELECTOR = YES;
				GCC_WARN_UNINITIALIZED_AUTOS = YES_AGGRESSIVE;
				GCC_WARN_UNUSED_FUNCTION = YES;
				GCC_WARN_UNUSED_VARIABLE = YES;
				IPHONEOS_DEPLOYMENT_TARGET = 18.0;
				LOCALIZATION_PREFERS_STRING_CATALOGS = YES;
				MTL_ENABLE_DEBUG_INFO = NO;
				MTL_FAST_MATH = YES;
				SDKROOT = iphoneos;
				SWIFT_COMPILATION_MODE = wholemodule;
				VALIDATE_PRODUCT = YES;
			};
			name = Release;
		};
/* End XCBuildConfiguration section */

/* Begin XCConfigurationList section */
		36924CEA2CAAAD8C00845945 /* Build configuration list for PBXProject "ShakeTest" */ = {
			isa = XCConfigurationList;
			buildConfigurations = (
				36924D052CAAAD8E00845945 /* Debug */,
				36924D062CAAAD8E00845945 /* Release */,
			);
			defaultConfigurationIsVisible = 0;
			defaultConfigurationName = Release;
		};
		36924D022CAAAD8E00845945 /* Build configuration list for PBXNativeTarget "ShakeTest" */ = {
			isa = XCConfigurationList;
			buildConfigurations = (
				36924D032CAAAD8E00845945 /* Debug */,
				36924D042CAAAD8E00845945 /* Release */,
			);
			defaultConfigurationIsVisible = 0;
			defaultConfigurationName = Release;
		};
/* End XCConfigurationList section */
	};
	rootObject = 36924CE72CAAAD8C00845945 /* Project object */;
}
